// !$*UTF8*$!
{
	archiveVersion = 1;
	classes = {
	};
	objectVersion = 48;
	objects = {

/* Begin PBXBuildFile section */
		6A0C7D3F247FD475008F9038 /* CZWeibo.m in Sources */ = {isa = PBXBuildFile; fileRef = 6A0C7D3B247FD474008F9038 /* CZWeibo.m */; };
		6A0C7D40247FD475008F9038 /* CZWeiboCell.m in Sources */ = {isa = PBXBuildFile; fileRef = 6A0C7D3C247FD475008F9038 /* CZWeiboCell.m */; };
		6A0C7D41247FD475008F9038 /* CZTableViewController.m in Sources */ = {isa = PBXBuildFile; fileRef = 6A0C7D3E247FD475008F9038 /* CZTableViewController.m */; };
		6A46BD18247F56E80035EFC5 /* AppDelegate.m in Sources */ = {isa = PBXBuildFile; fileRef = 6A46BD17247F56E80035EFC5 /* AppDelegate.m */; };
		6A46BD1E247F56E80035EFC5 /* Main.storyboard in Resources */ = {isa = PBXBuildFile; fileRef = 6A46BD1C247F56E80035EFC5 /* Main.storyboard */; };
		6A46BD20247F56E80035EFC5 /* Assets.xcassets in Resources */ = {isa = PBXBuildFile; fileRef = 6A46BD1F247F56E80035EFC5 /* Assets.xcassets */; };
		6A46BD23247F56E80035EFC5 /* LaunchScreen.storyboard in Resources */ = {isa = PBXBuildFile; fileRef = 6A46BD21247F56E80035EFC5 /* LaunchScreen.storyboard */; };
		6A46BD26247F56E80035EFC5 /* main.m in Sources */ = {isa = PBXBuildFile; fileRef = 6A46BD25247F56E80035EFC5 /* main.m */; };
		6A46BD34247F57D60035EFC5 /* weibos.plist in Resources */ = {isa = PBXBuildFile; fileRef = 6A46BD33247F57D60035EFC5 /* weibos.plist */; };
/* End PBXBuildFile section */

/* Begin PBXFileReference section */
		6A0C7D39247FD474008F9038 /* CZWeibo.h */ = {isa = PBXFileReference; lastKnownFileType = sourcecode.c.h; path = CZWeibo.h; sourceTree = "<group>"; };
		6A0C7D3A247FD474008F9038 /* CZWeiboCell.h */ = {isa = PBXFileReference; lastKnownFileType = sourcecode.c.h; path = CZWeiboCell.h; sourceTree = "<group>"; };
		6A0C7D3B247FD474008F9038 /* CZWeibo.m */ = {isa = PBXFileReference; lastKnownFileType = sourcecode.c.objc; path = CZWeibo.m; sourceTree = "<group>"; };
		6A0C7D3C247FD475008F9038 /* CZWeiboCell.m */ = {isa = PBXFileReference; lastKnownFileType = sourcecode.c.objc; path = CZWeiboCell.m; sourceTree = "<group>"; };
		6A0C7D3D247FD475008F9038 /* CZTableViewController.h */ = {isa = PBXFileReference; lastKnownFileType = sourcecode.c.h; path = CZTableViewController.h; sourceTree = "<group>"; };
		6A0C7D3E247FD475008F9038 /* CZTableViewController.m */ = {isa = PBXFileReference; lastKnownFileType = sourcecode.c.objc; path = CZTableViewController.m; sourceTree = "<group>"; };
		6A46BD13247F56E80035EFC5 /* UITable_Weibo.app */ = {isa = PBXFileReference; explicitFileType = wrapper.application; includeInIndex = 0; path = UITable_Weibo.app; sourceTree = BUILT_PRODUCTS_DIR; };
		6A46BD16247F56E80035EFC5 /* AppDelegate.h */ = {isa = PBXFileReference; lastKnownFileType = sourcecode.c.h; path = AppDelegate.h; sourceTree = "<group>"; };
		6A46BD17247F56E80035EFC5 /* AppDelegate.m */ = {isa = PBXFileReference; lastKnownFileType = sourcecode.c.objc; path = AppDelegate.m; sourceTree = "<group>"; };
		6A46BD1D247F56E80035EFC5 /* Base */ = {isa = PBXFileReference; lastKnownFileType = file.storyboard; name = Base; path = Base.lproj/Main.storyboard; sourceTree = "<group>"; };
		6A46BD1F247F56E80035EFC5 /* Assets.xcassets */ = {isa = PBXFileReference; lastKnownFileType = folder.assetcatalog; path = Assets.xcassets; sourceTree = "<group>"; };
		6A46BD22247F56E80035EFC5 /* Base */ = {isa = PBXFileReference; lastKnownFileType = file.storyboard; name = Base; path = Base.lproj/LaunchScreen.storyboard; sourceTree = "<group>"; };
		6A46BD24247F56E80035EFC5 /* Info.plist */ = {isa = PBXFileReference; lastKnownFileType = text.plist.xml; path = Info.plist; sourceTree = "<group>"; };
		6A46BD25247F56E80035EFC5 /* main.m */ = {isa = PBXFileReference; lastKnownFileType = sourcecode.c.objc; path = main.m; sourceTree = "<group>"; };
		6A46BD33247F57D60035EFC5 /* weibos.plist */ = {isa = PBXFileReference; fileEncoding = 4; lastKnownFileType = text.plist.xml; path = weibos.plist; sourceTree = "<group>"; };
/* End PBXFileReference section */

/* Begin PBXFrameworksBuildPhase section */
		6A46BD10247F56E80035EFC5 /* Frameworks */ = {
			isa = PBXFrameworksBuildPhase;
			buildActionMask = 2147483647;
			files = (
			);
			runOnlyForDeploymentPostprocessing = 0;
		};
/* End PBXFrameworksBuildPhase section */

/* Begin PBXGroup section */
		6A46BD0A247F56E80035EFC5 = {
			isa = PBXGroup;
			children = (
				6A46BD15247F56E80035EFC5 /* UITable_Weibo */,
				6A46BD14247F56E80035EFC5 /* Products */,
			);
			sourceTree = "<group>";
		};
		6A46BD14247F56E80035EFC5 /* Products */ = {
			isa = PBXGroup;
			children = (
				6A46BD13247F56E80035EFC5 /* UITable_Weibo.app */,
			);
			name = Products;
			sourceTree = "<group>";
		};
		6A46BD15247F56E80035EFC5 /* UITable_Weibo */ = {
			isa = PBXGroup;
			children = (
				6A46BD2C247F578F0035EFC5 /* SupportingFiles */,
				6A46BD16247F56E80035EFC5 /* AppDelegate.h */,
				6A46BD17247F56E80035EFC5 /* AppDelegate.m */,
				6A46BD1C247F56E80035EFC5 /* Main.storyboard */,
				6A46BD1F247F56E80035EFC5 /* Assets.xcassets */,
				6A46BD21247F56E80035EFC5 /* LaunchScreen.storyboard */,
				6A46BD24247F56E80035EFC5 /* Info.plist */,
				6A0C7D3D247FD475008F9038 /* CZTableViewController.h */,
				6A0C7D3E247FD475008F9038 /* CZTableViewController.m */,
				6A0C7D39247FD474008F9038 /* CZWeibo.h */,
				6A0C7D3B247FD474008F9038 /* CZWeibo.m */,
				6A0C7D3A247FD474008F9038 /* CZWeiboCell.h */,
				6A0C7D3C247FD475008F9038 /* CZWeiboCell.m */,
				6A46BD33247F57D60035EFC5 /* weibos.plist */,
				6A46BD25247F56E80035EFC5 /* main.m */,
			);
			path = UITable_Weibo;
			sourceTree = "<group>";
		};
		6A46BD2C247F578F0035EFC5 /* SupportingFiles */ = {
			isa = PBXGroup;
			children = (
			);
			path = SupportingFiles;
			sourceTree = "<group>";
		};
/* End PBXGroup section */

/* Begin PBXNativeTarget section */
		6A46BD12247F56E80035EFC5 /* UITable_Weibo */ = {
			isa = PBXNativeTarget;
			buildConfigurationList = 6A46BD29247F56E80035EFC5 /* Build configuration list for PBXNativeTarget "UITable_Weibo" */;
			buildPhases = (
				6A46BD0F247F56E80035EFC5 /* Sources */,
				6A46BD10247F56E80035EFC5 /* Frameworks */,
				6A46BD11247F56E80035EFC5 /* Resources */,
			);
			buildRules = (
			);
			dependencies = (
			);
			name = UITable_Weibo;
			productName = UITable_Weibo;
			productReference = 6A46BD13247F56E80035EFC5 /* UITable_Weibo.app */;
			productType = "com.apple.product-type.application";
		};
/* End PBXNativeTarget section */

/* Begin PBXProject section */
		6A46BD0B247F56E80035EFC5 /* Project object */ = {
			isa = PBXProject;
			attributes = {
				LastUpgradeCheck = 0920;
				ORGANIZATIONNAME = YuJin;
				TargetAttributes = {
					6A46BD12247F56E80035EFC5 = {
						CreatedOnToolsVersion = 9.2;
						ProvisioningStyle = Automatic;
					};
				};
			};
			buildConfigurationList = 6A46BD0E247F56E80035EFC5 /* Build configuration list for PBXProject "UITable_Weibo" */;
			compatibilityVersion = "Xcode 8.0";
			developmentRegion = en;
			hasScannedForEncodings = 0;
			knownRegions = (
				en,
				Base,
			);
			mainGroup = 6A46BD0A247F56E80035EFC5;
			productRefGroup = 6A46BD14247F56E80035EFC5 /* Products */;
			projectDirPath = "";
			projectRoot = "";
			targets = (
				6A46BD12247F56E80035EFC5 /* UITable_Weibo */,
			);
		};
/* End PBXProject section */

/* Begin PBXResourcesBuildPhase section */
		6A46BD11247F56E80035EFC5 /* Resources */ = {
			isa = PBXResourcesBuildPhase;
			buildActionMask = 2147483647;
			files = (
				6A46BD23247F56E80035EFC5 /* LaunchScreen.storyboard in Resources */,
				6A46BD20247F56E80035EFC5 /* Assets.xcassets in Resources */,
				6A46BD34247F57D60035EFC5 /* weibos.plist in Resources */,
				6A46BD1E247F56E80035EFC5 /* Main.storyboard in Resources */,
			);
			runOnlyForDeploymentPostprocessing = 0;
		};
/* End PBXResourcesBuildPhase section */

/* Begin PBXSourcesBuildPhase section */
		6A46BD0F247F56E80035EFC5 /* Sources */ = {
			isa = PBXSourcesBuildPhase;
			buildActionMask = 2147483647;
			files = (
				6A46BD26247F56E80035EFC5 /* main.m in Sources */,
				6A46BD18247F56E80035EFC5 /* AppDelegate.m in Sources */,
				6A0C7D3F247FD475008F9038 /* CZWeibo.m in Sources */,
				6A0C7D40247FD475008F9038 /* CZWeiboCell.m in Sources */,
				6A0C7D41247FD475008F9038 /* CZTableViewController.m in Sources */,
			);
			runOnlyForDeploymentPostprocessing = 0;
		};
/* End PBXSourcesBuildPhase section */

/* Begin PBXVariantGroup section */
		6A46BD1C247F56E80035EFC5 /* Main.storyboard */ = {
			isa = PBXVariantGroup;
			children = (
				6A46BD1D247F56E80035EFC5 /* Base */,
			);
			name = Main.storyboard;
			sourceTree = "<group>";
		};
		6A46BD21247F56E80035EFC5 /* LaunchScreen.storyboard */ = {
			isa = PBXVariantGroup;
			children = (
				6A46BD22247F56E80035EFC5 /* Base */,
			);
			name = LaunchScreen.storyboard;
			sourceTree = "<group>";
		};
/* End PBXVariantGroup section */

/* Begin XCBuildConfiguration section */
		6A46BD27247F56E80035EFC5 /* Debug */ = {
			isa = XCBuildConfiguration;
			buildSettings = {
				ALWAYS_SEARCH_USER_PATHS = NO;
				CLANG_ANALYZER_NONNULL = YES;
				CLANG_ANALYZER_NUMBER_OBJECT_CONVERSION = YES_AGGRESSIVE;
				CLANG_CXX_LANGUAGE_STANDARD = "gnu++14";
				CLANG_CXX_LIBRARY = "libc++";
				CLANG_ENABLE_MODULES = YES;
				CLANG_ENABLE_OBJC_ARC = YES;
				CLANG_WARN_BLOCK_CAPTURE_AUTORELEASING = YES;
				CLANG_WARN_BOOL_CONVERSION = YES;
				CLANG_WARN_COMMA = YES;
				CLANG_WARN_CONSTANT_CONVERSION = YES;
				CLANG_WARN_DIRECT_OBJC_ISA_USAGE = YES_ERROR;
				CLANG_WARN_DOCUMENTATION_COMMENTS = YES;
				CLANG_WARN_EMPTY_BODY = YES;
				CLANG_WARN_ENUM_CONVERSION = YES;
				CLANG_WARN_INFINITE_RECURSION = YES;
				CLANG_WARN_INT_CONVERSION = YES;
				CLANG_WARN_NON_LITERAL_NULL_CONVERSION = YES;
				CLANG_WARN_OBJC_LITERAL_CONVERSION = YES;
				CLANG_WARN_OBJC_ROOT_CLASS = YES_ERROR;
				CLANG_WARN_RANGE_LOOP_ANALYSIS = YES;
				CLANG_WARN_STRICT_PROTOTYPES = YES;
				CLANG_WARN_SUSPICIOUS_MOVE = YES;
				CLANG_WARN_UNGUARDED_AVAILABILITY = YES_AGGRESSIVE;
				CLANG_WARN_UNREACHABLE_CODE = YES;
				CLANG_WARN__DUPLICATE_METHOD_MATCH = YES;
				CODE_SIGN_IDENTITY = "iPhone Developer";
				COPY_PHASE_STRIP = NO;
				DEBUG_INFORMATION_FORMAT = dwarf;
				ENABLE_STRICT_OBJC_MSGSEND = YES;
				ENABLE_TESTABILITY = YES;
				GCC_C_LANGUAGE_STANDARD = gnu11;
				GCC_DYNAMIC_NO_PIC = NO;
				GCC_NO_COMMON_BLOCKS = YES;
				GCC_OPTIMIZATION_LEVEL = 0;
				GCC_PREPROCESSOR_DEFINITIONS = (
					"DEBUG=1",
					"$(inherited)",
				);
				GCC_WARN_64_TO_32_BIT_CONVERSION = YES;
				GCC_WARN_ABOUT_RETURN_TYPE = YES_ERROR;
				GCC_WARN_UNDECLARED_SELECTOR = YES;
				GCC_WARN_UNINITIALIZED_AUTOS = YES_AGGRESSIVE;
				GCC_WARN_UNUSED_FUNCTION = YES;
				GCC_WARN_UNUSED_VARIABLE = YES;
				IPHONEOS_DEPLOYMENT_TARGET = 11.2;
				MTL_ENABLE_DEBUG_INFO = YES;
				ONLY_ACTIVE_ARCH = YES;
				SDKROOT = iphoneos;
			};
			name = Debug;
		};
		6A46BD28247F56E80035EFC5 /* Release */ = {
			isa = XCBuildConfiguration;
			buildSettings = {
				ALWAYS_SEARCH_USER_PATHS = NO;
				CLANG_ANALYZER_NONNULL = YES;
				CLANG_ANALYZER_NUMBER_OBJECT_CONVERSION = YES_AGGRESSIVE;
				CLANG_CXX_LANGUAGE_STANDARD = "gnu++14";
				CLANG_CXX_LIBRARY = "libc++";
				CLANG_ENABLE_MODULES = YES;
				CLANG_ENABLE_OBJC_ARC = YES;
				CLANG_WARN_BLOCK_CAPTURE_AUTORELEASING = YES;
				CLANG_WARN_BOOL_CONVERSION = YES;
				CLANG_WARN_COMMA = YES;
				CLANG_WARN_CONSTANT_CONVERSION = YES;
				CLANG_WARN_DIRECT_OBJC_ISA_USAGE = YES_ERROR;
				CLANG_WARN_DOCUMENTATION_COMMENTS = YES;
				CLANG_WARN_EMPTY_BODY = YES;
				CLANG_WARN_ENUM_CONVERSION = YES;
				CLANG_WARN_INFINITE_RECURSION = YES;
				CLANG_WARN_INT_CONVERSION = YES;
				CLANG_WARN_NON_LITERAL_NULL_CONVERSION = YES;
				CLANG_WARN_OBJC_LITERAL_CONVERSION = YES;
				CLANG_WARN_OBJC_ROOT_CLASS = YES_ERROR;
				CLANG_WARN_RANGE_LOOP_ANALYSIS = YES;
				CLANG_WARN_STRICT_PROTOTYPES = YES;
				CLANG_WARN_SUSPICIOUS_MOVE = YES;
				CLANG_WARN_UNGUARDED_AVAILABILITY = YES_AGGRESSIVE;
				CLANG_WARN_UNREACHABLE_CODE = YES;
				CLANG_WARN__DUPLICATE_METHOD_MATCH = YES;
				CODE_SIGN_IDENTITY = "iPhone Developer";
				COPY_PHASE_STRIP = NO;
				DEBUG_INFORMATION_FORMAT = "dwarf-with-dsym";
				ENABLE_NS_ASSERTIONS = NO;
				ENABLE_STRICT_OBJC_MSGSEND = YES;
				GCC_C_LANGUAGE_STANDARD = gnu11;
				GCC_NO_COMMON_BLOCKS = YES;
				GCC_WARN_64_TO_32_BIT_CONVERSION = YES;
				GCC_WARN_ABOUT_RETURN_TYPE = YES_ERROR;
				GCC_WARN_UNDECLARED_SELECTOR = YES;
				GCC_WARN_UNINITIALIZED_AUTOS = YES_AGGRESSIVE;
				GCC_WARN_UNUSED_FUNCTION = YES;
				GCC_WARN_UNUSED_VARIABLE = YES;
				IPHONEOS_DEPLOYMENT_TARGET = 11.2;
				MTL_ENABLE_DEBUG_INFO = NO;
				SDKROOT = iphoneos;
				VALIDATE_PRODUCT = YES;
			};
			name = Release;
		};
		6A46BD2A247F56E80035EFC5 /* Debug */ = {
			isa = XCBuildConfiguration;
			buildSettings = {
				ASSETCATALOG_COMPILER_APPICON_NAME = AppIcon;
				CODE_SIGN_STYLE = Automatic;
				DEVELOPMENT_TEAM = V5P4W45TYA;
				INFOPLIST_FILE = UITable_Weibo/Info.plist;
				LD_RUNPATH_SEARCH_PATHS = "$(inherited) @executable_path/Frameworks";
				PRODUCT_BUNDLE_IDENTIFIER = "Jack.UITable-Weibo";
				PRODUCT_NAME = "$(TARGET_NAME)";
				TARGETED_DEVICE_FAMILY = "1,2";
			};
			name = Debug;
		};
		6A46BD2B247F56E80035EFC5 /* Release */ = {
			isa = XCBuildConfiguration;
			buildSettings = {
				ASSETCATALOG_COMPILER_APPICON_NAME = AppIcon;
				CODE_SIGN_STYLE = Automatic;
				DEVELOPMENT_TEAM = V5P4W45TYA;
				INFOPLIST_FILE = UITable_Weibo/Info.plist;
				LD_RUNPATH_SEARCH_PATHS = "$(inherited) @executable_path/Frameworks";
				PRODUCT_BUNDLE_IDENTIFIER = "Jack.UITable-Weibo";
				PRODUCT_NAME = "$(TARGET_NAME)";
				TARGETED_DEVICE_FAMILY = "1,2";
			};
			name = Release;
		};
/* End XCBuildConfiguration section */

/* Begin XCConfigurationList section */
		6A46BD0E247F56E80035EFC5 /* Build configuration list for PBXProject "UITable_Weibo" */ = {
			isa = XCConfigurationList;
			buildConfigurations = (
				6A46BD27247F56E80035EFC5 /* Debug */,
				6A46BD28247F56E80035EFC5 /* Release */,
			);
			defaultConfigurationIsVisible = 0;
			defaultConfigurationName = Release;
		};
		6A46BD29247F56E80035EFC5 /* Build configuration list for PBXNativeTarget "UITable_Weibo" */ = {
			isa = XCConfigurationList;
			buildConfigurations = (
				6A46BD2A247F56E80035EFC5 /* Debug */,
				6A46BD2B247F56E80035EFC5 /* Release */,
			);
			defaultConfigurationIsVisible = 0;
			defaultConfigurationName = Release;
		};
/* End XCConfigurationList section */
	};
	rootObject = 6A46BD0B247F56E80035EFC5 /* Project object */;
}
