// !$*UTF8*$!
{
	archiveVersion = 1;
	classes = {
	};
	objectVersion = 48;
	objects = {

/* Begin PBXBuildFile section */
		6A1AEBBB2485DFD100076C0E /* AppDelegate.m in Sources */ = {isa = PBXBuildFile; fileRef = 6A1AEBBA2485DFD100076C0E /* AppDelegate.m */; };
		6A1AEBBE2485DFD100076C0E /* ViewController.m in Sources */ = {isa = PBXBuildFile; fileRef = 6A1AEBBD2485DFD100076C0E /* ViewController.m */; };
		6A1AEBC12485DFD100076C0E /* Main.storyboard in Resources */ = {isa = PBXBuildFile; fileRef = 6A1AEBBF2485DFD100076C0E /* Main.storyboard */; };
		6A1AEBC32485DFD100076C0E /* Assets.xcassets in Resources */ = {isa = PBXBuildFile; fileRef = 6A1AEBC22485DFD100076C0E /* Assets.xcassets */; };
		6A1AEBC62485DFD100076C0E /* LaunchScreen.storyboard in Resources */ = {isa = PBXBuildFile; fileRef = 6A1AEBC42485DFD100076C0E /* LaunchScreen.storyboard */; };
		6A1AEBC92485DFD100076C0E /* main.m in Sources */ = {isa = PBXBuildFile; fileRef = 6A1AEBC82485DFD100076C0E /* main.m */; };
/* End PBXBuildFile section */

/* Begin PBXFileReference section */
		6A1AEBB62485DFD100076C0E /* UITabelView-staticCell.app */ = {isa = PBXFileReference; explicitFileType = wrapper.application; includeInIndex = 0; path = "UITabelView-staticCell.app"; sourceTree = BUILT_PRODUCTS_DIR; };
		6A1AEBB92485DFD100076C0E /* AppDelegate.h */ = {isa = PBXFileReference; lastKnownFileType = sourcecode.c.h; path = AppDelegate.h; sourceTree = "<group>"; };
		6A1AEBBA2485DFD100076C0E /* AppDelegate.m */ = {isa = PBXFileReference; lastKnownFileType = sourcecode.c.objc; path = AppDelegate.m; sourceTree = "<group>"; };
		6A1AEBBC2485DFD100076C0E /* ViewController.h */ = {isa = PBXFileReference; lastKnownFileType = sourcecode.c.h; path = ViewController.h; sourceTree = "<group>"; };
		6A1AEBBD2485DFD100076C0E /* ViewController.m */ = {isa = PBXFileReference; lastKnownFileType = sourcecode.c.objc; path = ViewController.m; sourceTree = "<group>"; };
		6A1AEBC02485DFD100076C0E /* Base */ = {isa = PBXFileReference; lastKnownFileType = file.storyboard; name = Base; path = Base.lproj/Main.storyboard; sourceTree = "<group>"; };
		6A1AEBC22485DFD100076C0E /* Assets.xcassets */ = {isa = PBXFileReference; lastKnownFileType = folder.assetcatalog; path = Assets.xcassets; sourceTree = "<group>"; };
		6A1AEBC52485DFD100076C0E /* Base */ = {isa = PBXFileReference; lastKnownFileType = file.storyboard; name = Base; path = Base.lproj/LaunchScreen.storyboard; sourceTree = "<group>"; };
		6A1AEBC72485DFD100076C0E /* Info.plist */ = {isa = PBXFileReference; lastKnownFileType = text.plist.xml; path = Info.plist; sourceTree = "<group>"; };
		6A1AEBC82485DFD100076C0E /* main.m */ = {isa = PBXFileReference; lastKnownFileType = sourcecode.c.objc; path = main.m; sourceTree = "<group>"; };
/* End PBXFileReference section */

/* Begin PBXFrameworksBuildPhase section */
		6A1AEBB32485DFD100076C0E /* Frameworks */ = {
			isa = PBXFrameworksBuildPhase;
			buildActionMask = 2147483647;
			files = (
			);
			runOnlyForDeploymentPostprocessing = 0;
		};
/* End PBXFrameworksBuildPhase section */

/* Begin PBXGroup section */
		6A1AEBAD2485DFD000076C0E = {
			isa = PBXGroup;
			children = (
				6A1AEBB82485DFD100076C0E /* UITabelView-staticCell */,
				6A1AEBB72485DFD100076C0E /* Products */,
			);
			sourceTree = "<group>";
		};
		6A1AEBB72485DFD100076C0E /* Products */ = {
			isa = PBXGroup;
			children = (
				6A1AEBB62485DFD100076C0E /* UITabelView-staticCell.app */,
			);
			name = Products;
			sourceTree = "<group>";
		};
		6A1AEBB82485DFD100076C0E /* UITabelView-staticCell */ = {
			isa = PBXGroup;
			children = (
				6A1AEBB92485DFD100076C0E /* AppDelegate.h */,
				6A1AEBBA2485DFD100076C0E /* AppDelegate.m */,
				6A1AEBBC2485DFD100076C0E /* ViewController.h */,
				6A1AEBBD2485DFD100076C0E /* ViewController.m */,
				6A1AEBBF2485DFD100076C0E /* Main.storyboard */,
				6A1AEBC22485DFD100076C0E /* Assets.xcassets */,
				6A1AEBC42485DFD100076C0E /* LaunchScreen.storyboard */,
				6A1AEBC72485DFD100076C0E /* Info.plist */,
				6A1AEBC82485DFD100076C0E /* main.m */,
			);
			path = "UITabelView-staticCell";
			sourceTree = "<group>";
		};
/* End PBXGroup section */

/* Begin PBXNativeTarget section */
		6A1AEBB52485DFD100076C0E /* UITabelView-staticCell */ = {
			isa = PBXNativeTarget;
			buildConfigurationList = 6A1AEBCC2485DFD100076C0E /* Build configuration list for PBXNativeTarget "UITabelView-staticCell" */;
			buildPhases = (
				6A1AEBB22485DFD100076C0E /* Sources */,
				6A1AEBB32485DFD100076C0E /* Frameworks */,
				6A1AEBB42485DFD100076C0E /* Resources */,
			);
			buildRules = (
			);
			dependencies = (
			);
			name = "UITabelView-staticCell";
			productName = "UITabelView-staticCell";
			productReference = 6A1AEBB62485DFD100076C0E /* UITabelView-staticCell.app */;
			productType = "com.apple.product-type.application";
		};
/* End PBXNativeTarget section */

/* Begin PBXProject section */
		6A1AEBAE2485DFD000076C0E /* Project object */ = {
			isa = PBXProject;
			attributes = {
				LastUpgradeCheck = 0920;
				ORGANIZATIONNAME = YuJin;
				TargetAttributes = {
					6A1AEBB52485DFD100076C0E = {
						CreatedOnToolsVersion = 9.2;
						ProvisioningStyle = Automatic;
					};
				};
			};
			buildConfigurationList = 6A1AEBB12485DFD000076C0E /* Build configuration list for PBXProject "UITabelView-staticCell" */;
			compatibilityVersion = "Xcode 8.0";
			developmentRegion = en;
			hasScannedForEncodings = 0;
			knownRegions = (
				en,
				Base,
			);
			mainGroup = 6A1AEBAD2485DFD000076C0E;
			productRefGroup = 6A1AEBB72485DFD100076C0E /* Products */;
			projectDirPath = "";
			projectRoot = "";
			targets = (
				6A1AEBB52485DFD100076C0E /* UITabelView-staticCell */,
			);
		};
/* End PBXProject section */

/* Begin PBXResourcesBuildPhase section */
		6A1AEBB42485DFD100076C0E /* Resources */ = {
			isa = PBXResourcesBuildPhase;
			buildActionMask = 2147483647;
			files = (
				6A1AEBC62485DFD100076C0E /* LaunchScreen.storyboard in Resources */,
				6A1AEBC32485DFD100076C0E /* Assets.xcassets in Resources */,
				6A1AEBC12485DFD100076C0E /* Main.storyboard in Resources */,
			);
			runOnlyForDeploymentPostprocessing = 0;
		};
/* End PBXResourcesBuildPhase section */

/* Begin PBXSourcesBuildPhase section */
		6A1AEBB22485DFD100076C0E /* Sources */ = {
			isa = PBXSourcesBuildPhase;
			buildActionMask = 2147483647;
			files = (
				6A1AEBBE2485DFD100076C0E /* ViewController.m in Sources */,
				6A1AEBC92485DFD100076C0E /* main.m in Sources */,
				6A1AEBBB2485DFD100076C0E /* AppDelegate.m in Sources */,
			);
			runOnlyForDeploymentPostprocessing = 0;
		};
/* End PBXSourcesBuildPhase section */

/* Begin PBXVariantGroup section */
		6A1AEBBF2485DFD100076C0E /* Main.storyboard */ = {
			isa = PBXVariantGroup;
			children = (
				6A1AEBC02485DFD100076C0E /* Base */,
			);
			name = Main.storyboard;
			sourceTree = "<group>";
		};
		6A1AEBC42485DFD100076C0E /* LaunchScreen.storyboard */ = {
			isa = PBXVariantGroup;
			children = (
				6A1AEBC52485DFD100076C0E /* Base */,
			);
			name = LaunchScreen.storyboard;
			sourceTree = "<group>";
		};
/* End PBXVariantGroup section */

/* Begin XCBuildConfiguration section */
		6A1AEBCA2485DFD100076C0E /* Debug */ = {
			isa = XCBuildConfiguration;
			buildSettings = {
				ALWAYS_SEARCH_USER_PATHS = NO;
				CLANG_ANALYZER_NONNULL = YES;
				CLANG_ANALYZER_NUMBER_OBJECT_CONVERSION = YES_AGGRESSIVE;
				CLANG_CXX_LANGUAGE_STANDARD = "gnu++14";
				CLANG_CXX_LIBRARY = "libc++";
				CLANG_ENABLE_MODULES = YES;
				CLANG_ENABLE_OBJC_ARC = YES;
				CLANG_WARN_BLOCK_CAPTURE_AUTORELEASING = YES;
				CLANG_WARN_BOOL_CONVERSION = YES;
				CLANG_WARN_COMMA = YES;
				CLANG_WARN_CONSTANT_CONVERSION = YES;
				CLANG_WARN_DIRECT_OBJC_ISA_USAGE = YES_ERROR;
				CLANG_WARN_DOCUMENTATION_COMMENTS = YES;
				CLANG_WARN_EMPTY_BODY = YES;
				CLANG_WARN_ENUM_CONVERSION = YES;
				CLANG_WARN_INFINITE_RECURSION = YES;
				CLANG_WARN_INT_CONVERSION = YES;
				CLANG_WARN_NON_LITERAL_NULL_CONVERSION = YES;
				CLANG_WARN_OBJC_LITERAL_CONVERSION = YES;
				CLANG_WARN_OBJC_ROOT_CLASS = YES_ERROR;
				CLANG_WARN_RANGE_LOOP_ANALYSIS = YES;
				CLANG_WARN_STRICT_PROTOTYPES = YES;
				CLANG_WARN_SUSPICIOUS_MOVE = YES;
				CLANG_WARN_UNGUARDED_AVAILABILITY = YES_AGGRESSIVE;
				CLANG_WARN_UNREACHABLE_CODE = YES;
				CLANG_WARN__DUPLICATE_METHOD_MATCH = YES;
				CODE_SIGN_IDENTITY = "iPhone Developer";
				COPY_PHASE_STRIP = NO;
				DEBUG_INFORMATION_FORMAT = dwarf;
				ENABLE_STRICT_OBJC_MSGSEND = YES;
				ENABLE_TESTABILITY = YES;
				GCC_C_LANGUAGE_STANDARD = gnu11;
				GCC_DYNAMIC_NO_PIC = NO;
				GCC_NO_COMMON_BLOCKS = YES;
				GCC_OPTIMIZATION_LEVEL = 0;
				GCC_PREPROCESSOR_DEFINITIONS = (
					"DEBUG=1",
					"$(inherited)",
				);
				GCC_WARN_64_TO_32_BIT_CONVERSION = YES;
				GCC_WARN_ABOUT_RETURN_TYPE = YES_ERROR;
				GCC_WARN_UNDECLARED_SELECTOR = YES;
				GCC_WARN_UNINITIALIZED_AUTOS = YES_AGGRESSIVE;
				GCC_WARN_UNUSED_FUNCTION = YES;
				GCC_WARN_UNUSED_VARIABLE = YES;
				IPHONEOS_DEPLOYMENT_TARGET = 11.2;
				MTL_ENABLE_DEBUG_INFO = YES;
				ONLY_ACTIVE_ARCH = YES;
				SDKROOT = iphoneos;
			};
			name = Debug;
		};
		6A1AEBCB2485DFD100076C0E /* Release */ = {
			isa = XCBuildConfiguration;
			buildSettings = {
				ALWAYS_SEARCH_USER_PATHS = NO;
				CLANG_ANALYZER_NONNULL = YES;
				CLANG_ANALYZER_NUMBER_OBJECT_CONVERSION = YES_AGGRESSIVE;
				CLANG_CXX_LANGUAGE_STANDARD = "gnu++14";
				CLANG_CXX_LIBRARY = "libc++";
				CLANG_ENABLE_MODULES = YES;
				CLANG_ENABLE_OBJC_ARC = YES;
				CLANG_WARN_BLOCK_CAPTURE_AUTORELEASING = YES;
				CLANG_WARN_BOOL_CONVERSION = YES;
				CLANG_WARN_COMMA = YES;
				CLANG_WARN_CONSTANT_CONVERSION = YES;
				CLANG_WARN_DIRECT_OBJC_ISA_USAGE = YES_ERROR;
				CLANG_WARN_DOCUMENTATION_COMMENTS = YES;
				CLANG_WARN_EMPTY_BODY = YES;
				CLANG_WARN_ENUM_CONVERSION = YES;
				CLANG_WARN_INFINITE_RECURSION = YES;
				CLANG_WARN_INT_CONVERSION = YES;
				CLANG_WARN_NON_LITERAL_NULL_CONVERSION = YES;
				CLANG_WARN_OBJC_LITERAL_CONVERSION = YES;
				CLANG_WARN_OBJC_ROOT_CLASS = YES_ERROR;
				CLANG_WARN_RANGE_LOOP_ANALYSIS = YES;
				CLANG_WARN_STRICT_PROTOTYPES = YES;
				CLANG_WARN_SUSPICIOUS_MOVE = YES;
				CLANG_WARN_UNGUARDED_AVAILABILITY = YES_AGGRESSIVE;
				CLANG_WARN_UNREACHABLE_CODE = YES;
				CLANG_WARN__DUPLICATE_METHOD_MATCH = YES;
				CODE_SIGN_IDENTITY = "iPhone Developer";
				COPY_PHASE_STRIP = NO;
				DEBUG_INFORMATION_FORMAT = "dwarf-with-dsym";
				ENABLE_NS_ASSERTIONS = NO;
				ENABLE_STRICT_OBJC_MSGSEND = YES;
				GCC_C_LANGUAGE_STANDARD = gnu11;
				GCC_NO_COMMON_BLOCKS = YES;
				GCC_WARN_64_TO_32_BIT_CONVERSION = YES;
				GCC_WARN_ABOUT_RETURN_TYPE = YES_ERROR;
				GCC_WARN_UNDECLARED_SELECTOR = YES;
				GCC_WARN_UNINITIALIZED_AUTOS = YES_AGGRESSIVE;
				GCC_WARN_UNUSED_FUNCTION = YES;
				GCC_WARN_UNUSED_VARIABLE = YES;
				IPHONEOS_DEPLOYMENT_TARGET = 11.2;
				MTL_ENABLE_DEBUG_INFO = NO;
				SDKROOT = iphoneos;
				VALIDATE_PRODUCT = YES;
			};
			name = Release;
		};
		6A1AEBCD2485DFD100076C0E /* Debug */ = {
			isa = XCBuildConfiguration;
			buildSettings = {
				ASSETCATALOG_COMPILER_APPICON_NAME = AppIcon;
				CODE_SIGN_STYLE = Automatic;
				DEVELOPMENT_TEAM = V5P4W45TYA;
				INFOPLIST_FILE = "UITabelView-staticCell/Info.plist";
				LD_RUNPATH_SEARCH_PATHS = "$(inherited) @executable_path/Frameworks";
				PRODUCT_BUNDLE_IDENTIFIER = "Jack.UITabelView-staticCell";
				PRODUCT_NAME = "$(TARGET_NAME)";
				TARGETED_DEVICE_FAMILY = "1,2";
			};
			name = Debug;
		};
		6A1AEBCE2485DFD100076C0E /* Release */ = {
			isa = XCBuildConfiguration;
			buildSettings = {
				ASSETCATALOG_COMPILER_APPICON_NAME = AppIcon;
				CODE_SIGN_STYLE = Automatic;
				DEVELOPMENT_TEAM = V5P4W45TYA;
				INFOPLIST_FILE = "UITabelView-staticCell/Info.plist";
				LD_RUNPATH_SEARCH_PATHS = "$(inherited) @executable_path/Frameworks";
				PRODUCT_BUNDLE_IDENTIFIER = "Jack.UITabelView-staticCell";
				PRODUCT_NAME = "$(TARGET_NAME)";
				TARGETED_DEVICE_FAMILY = "1,2";
			};
			name = Release;
		};
/* End XCBuildConfiguration section */

/* Begin XCConfigurationList section */
		6A1AEBB12485DFD000076C0E /* Build configuration list for PBXProject "UITabelView-staticCell" */ = {
			isa = XCConfigurationList;
			buildConfigurations = (
				6A1AEBCA2485DFD100076C0E /* Debug */,
				6A1AEBCB2485DFD100076C0E /* Release */,
			);
			defaultConfigurationIsVisible = 0;
			defaultConfigurationName = Release;
		};
		6A1AEBCC2485DFD100076C0E /* Build configuration list for PBXNativeTarget "UITabelView-staticCell" */ = {
			isa = XCConfigurationList;
			buildConfigurations = (
				6A1AEBCD2485DFD100076C0E /* Debug */,
				6A1AEBCE2485DFD100076C0E /* Release */,
			);
			defaultConfigurationIsVisible = 0;
			defaultConfigurationName = Release;
		};
/* End XCConfigurationList section */
	};
	rootObject = 6A1AEBAE2485DFD000076C0E /* Project object */;
}
