// !$*UTF8*$!
{
	archiveVersion = 1;
	classes = {
	};
	objectVersion = 48;
	objects = {

/* Begin PBXBuildFile section */
		6A0E61312483526500E85F34 /* AppDelegate.m in Sources */ = {isa = PBXBuildFile; fileRef = 6A0E61302483526500E85F34 /* AppDelegate.m */; };
		6A0E61342483526500E85F34 /* ViewController.m in Sources */ = {isa = PBXBuildFile; fileRef = 6A0E61332483526500E85F34 /* ViewController.m */; };
		6A0E61372483526500E85F34 /* Main.storyboard in Resources */ = {isa = PBXBuildFile; fileRef = 6A0E61352483526500E85F34 /* Main.storyboard */; };
		6A0E61392483526500E85F34 /* Assets.xcassets in Resources */ = {isa = PBXBuildFile; fileRef = 6A0E61382483526500E85F34 /* Assets.xcassets */; };
		6A0E613C2483526500E85F34 /* LaunchScreen.storyboard in Resources */ = {isa = PBXBuildFile; fileRef = 6A0E613A2483526500E85F34 /* LaunchScreen.storyboard */; };
		6A0E613F2483526500E85F34 /* main.m in Sources */ = {isa = PBXBuildFile; fileRef = 6A0E613E2483526500E85F34 /* main.m */; };
		6A0E6146248353CD00E85F34 /* messages.plist in Resources */ = {isa = PBXBuildFile; fileRef = 6A0E6145248353CD00E85F34 /* messages.plist */; };
		6A0E614D248355C000E85F34 /* CZMessage.m in Sources */ = {isa = PBXBuildFile; fileRef = 6A0E614C248355C000E85F34 /* CZMessage.m */; };
		6A0E6152248358E300E85F34 /* CZMessageCell.m in Sources */ = {isa = PBXBuildFile; fileRef = 6A0E6151248358E300E85F34 /* CZMessageCell.m */; };
		6A0E615524835D1800E85F34 /* CZMessgaeFrame.m in Sources */ = {isa = PBXBuildFile; fileRef = 6A0E615424835D1800E85F34 /* CZMessgaeFrame.m */; };
		6A0E61582483B13600E85F34 /* NSString+CZNSStringExt.m in Sources */ = {isa = PBXBuildFile; fileRef = 6A0E61572483B13600E85F34 /* NSString+CZNSStringExt.m */; };
/* End PBXBuildFile section */

/* Begin PBXFileReference section */
		6A0E612C2483526500E85F34 /* UITableView-QQ.app */ = {isa = PBXFileReference; explicitFileType = wrapper.application; includeInIndex = 0; path = "UITableView-QQ.app"; sourceTree = BUILT_PRODUCTS_DIR; };
		6A0E612F2483526500E85F34 /* AppDelegate.h */ = {isa = PBXFileReference; lastKnownFileType = sourcecode.c.h; path = AppDelegate.h; sourceTree = "<group>"; };
		6A0E61302483526500E85F34 /* AppDelegate.m */ = {isa = PBXFileReference; lastKnownFileType = sourcecode.c.objc; path = AppDelegate.m; sourceTree = "<group>"; };
		6A0E61322483526500E85F34 /* ViewController.h */ = {isa = PBXFileReference; lastKnownFileType = sourcecode.c.h; path = ViewController.h; sourceTree = "<group>"; };
		6A0E61332483526500E85F34 /* ViewController.m */ = {isa = PBXFileReference; lastKnownFileType = sourcecode.c.objc; path = ViewController.m; sourceTree = "<group>"; };
		6A0E61362483526500E85F34 /* Base */ = {isa = PBXFileReference; lastKnownFileType = file.storyboard; name = Base; path = Base.lproj/Main.storyboard; sourceTree = "<group>"; };
		6A0E61382483526500E85F34 /* Assets.xcassets */ = {isa = PBXFileReference; lastKnownFileType = folder.assetcatalog; path = Assets.xcassets; sourceTree = "<group>"; };
		6A0E613B2483526500E85F34 /* Base */ = {isa = PBXFileReference; lastKnownFileType = file.storyboard; name = Base; path = Base.lproj/LaunchScreen.storyboard; sourceTree = "<group>"; };
		6A0E613D2483526500E85F34 /* Info.plist */ = {isa = PBXFileReference; lastKnownFileType = text.plist.xml; path = Info.plist; sourceTree = "<group>"; };
		6A0E613E2483526500E85F34 /* main.m */ = {isa = PBXFileReference; lastKnownFileType = sourcecode.c.objc; path = main.m; sourceTree = "<group>"; };
		6A0E6145248353CD00E85F34 /* messages.plist */ = {isa = PBXFileReference; fileEncoding = 4; lastKnownFileType = text.plist.xml; path = messages.plist; sourceTree = "<group>"; };
		6A0E614B248355C000E85F34 /* CZMessage.h */ = {isa = PBXFileReference; lastKnownFileType = sourcecode.c.h; path = CZMessage.h; sourceTree = "<group>"; };
		6A0E614C248355C000E85F34 /* CZMessage.m */ = {isa = PBXFileReference; lastKnownFileType = sourcecode.c.objc; path = CZMessage.m; sourceTree = "<group>"; };
		6A0E6150248358E300E85F34 /* CZMessageCell.h */ = {isa = PBXFileReference; lastKnownFileType = sourcecode.c.h; path = CZMessageCell.h; sourceTree = "<group>"; };
		6A0E6151248358E300E85F34 /* CZMessageCell.m */ = {isa = PBXFileReference; lastKnownFileType = sourcecode.c.objc; path = CZMessageCell.m; sourceTree = "<group>"; };
		6A0E615324835D1800E85F34 /* CZMessgaeFrame.h */ = {isa = PBXFileReference; lastKnownFileType = sourcecode.c.h; path = CZMessgaeFrame.h; sourceTree = "<group>"; };
		6A0E615424835D1800E85F34 /* CZMessgaeFrame.m */ = {isa = PBXFileReference; lastKnownFileType = sourcecode.c.objc; path = CZMessgaeFrame.m; sourceTree = "<group>"; };
		6A0E61562483B13600E85F34 /* NSString+CZNSStringExt.h */ = {isa = PBXFileReference; lastKnownFileType = sourcecode.c.h; path = "NSString+CZNSStringExt.h"; sourceTree = "<group>"; };
		6A0E61572483B13600E85F34 /* NSString+CZNSStringExt.m */ = {isa = PBXFileReference; lastKnownFileType = sourcecode.c.objc; path = "NSString+CZNSStringExt.m"; sourceTree = "<group>"; };
/* End PBXFileReference section */

/* Begin PBXFrameworksBuildPhase section */
		6A0E61292483526500E85F34 /* Frameworks */ = {
			isa = PBXFrameworksBuildPhase;
			buildActionMask = 2147483647;
			files = (
			);
			runOnlyForDeploymentPostprocessing = 0;
		};
/* End PBXFrameworksBuildPhase section */

/* Begin PBXGroup section */
		6A0E61232483526500E85F34 = {
			isa = PBXGroup;
			children = (
				6A0E612E2483526500E85F34 /* UITableView-QQ */,
				6A0E612D2483526500E85F34 /* Products */,
			);
			sourceTree = "<group>";
		};
		6A0E612D2483526500E85F34 /* Products */ = {
			isa = PBXGroup;
			children = (
				6A0E612C2483526500E85F34 /* UITableView-QQ.app */,
			);
			name = Products;
			sourceTree = "<group>";
		};
		6A0E612E2483526500E85F34 /* UITableView-QQ */ = {
			isa = PBXGroup;
			children = (
				6A0E614A2483551400E85F34 /* Others */,
				6A0E61492483550700E85F34 /* Controller */,
				6A0E61482483550000E85F34 /* Views */,
				6A0E6147248354FA00E85F34 /* Models */,
				6A0E61382483526500E85F34 /* Assets.xcassets */,
				6A0E613D2483526500E85F34 /* Info.plist */,
				6A0E6145248353CD00E85F34 /* messages.plist */,
				6A0E613E2483526500E85F34 /* main.m */,
				6A0E61562483B13600E85F34 /* NSString+CZNSStringExt.h */,
				6A0E61572483B13600E85F34 /* NSString+CZNSStringExt.m */,
			);
			path = "UITableView-QQ";
			sourceTree = "<group>";
		};
		6A0E6147248354FA00E85F34 /* Models */ = {
			isa = PBXGroup;
			children = (
				6A0E614B248355C000E85F34 /* CZMessage.h */,
				6A0E614C248355C000E85F34 /* CZMessage.m */,
				6A0E6150248358E300E85F34 /* CZMessageCell.h */,
				6A0E6151248358E300E85F34 /* CZMessageCell.m */,
			);
			path = Models;
			sourceTree = "<group>";
		};
		6A0E61482483550000E85F34 /* Views */ = {
			isa = PBXGroup;
			children = (
				6A0E61352483526500E85F34 /* Main.storyboard */,
				6A0E613A2483526500E85F34 /* LaunchScreen.storyboard */,
			);
			path = Views;
			sourceTree = "<group>";
		};
		6A0E61492483550700E85F34 /* Controller */ = {
			isa = PBXGroup;
			children = (
				6A0E615324835D1800E85F34 /* CZMessgaeFrame.h */,
				6A0E615424835D1800E85F34 /* CZMessgaeFrame.m */,
				6A0E61322483526500E85F34 /* ViewController.h */,
				6A0E61332483526500E85F34 /* ViewController.m */,
			);
			path = Controller;
			sourceTree = "<group>";
		};
		6A0E614A2483551400E85F34 /* Others */ = {
			isa = PBXGroup;
			children = (
				6A0E612F2483526500E85F34 /* AppDelegate.h */,
				6A0E61302483526500E85F34 /* AppDelegate.m */,
			);
			path = Others;
			sourceTree = "<group>";
		};
/* End PBXGroup section */

/* Begin PBXNativeTarget section */
		6A0E612B2483526500E85F34 /* UITableView-QQ */ = {
			isa = PBXNativeTarget;
			buildConfigurationList = 6A0E61422483526500E85F34 /* Build configuration list for PBXNativeTarget "UITableView-QQ" */;
			buildPhases = (
				6A0E61282483526500E85F34 /* Sources */,
				6A0E61292483526500E85F34 /* Frameworks */,
				6A0E612A2483526500E85F34 /* Resources */,
			);
			buildRules = (
			);
			dependencies = (
			);
			name = "UITableView-QQ";
			productName = "UITableView-QQ";
			productReference = 6A0E612C2483526500E85F34 /* UITableView-QQ.app */;
			productType = "com.apple.product-type.application";
		};
/* End PBXNativeTarget section */

/* Begin PBXProject section */
		6A0E61242483526500E85F34 /* Project object */ = {
			isa = PBXProject;
			attributes = {
				LastUpgradeCheck = 0920;
				ORGANIZATIONNAME = YuJin;
				TargetAttributes = {
					6A0E612B2483526500E85F34 = {
						CreatedOnToolsVersion = 9.2;
						ProvisioningStyle = Automatic;
					};
				};
			};
			buildConfigurationList = 6A0E61272483526500E85F34 /* Build configuration list for PBXProject "UITableView-QQ" */;
			compatibilityVersion = "Xcode 8.0";
			developmentRegion = en;
			hasScannedForEncodings = 0;
			knownRegions = (
				en,
				Base,
			);
			mainGroup = 6A0E61232483526500E85F34;
			productRefGroup = 6A0E612D2483526500E85F34 /* Products */;
			projectDirPath = "";
			projectRoot = "";
			targets = (
				6A0E612B2483526500E85F34 /* UITableView-QQ */,
			);
		};
/* End PBXProject section */

/* Begin PBXResourcesBuildPhase section */
		6A0E612A2483526500E85F34 /* Resources */ = {
			isa = PBXResourcesBuildPhase;
			buildActionMask = 2147483647;
			files = (
				6A0E6146248353CD00E85F34 /* messages.plist in Resources */,
				6A0E613C2483526500E85F34 /* LaunchScreen.storyboard in Resources */,
				6A0E61392483526500E85F34 /* Assets.xcassets in Resources */,
				6A0E61372483526500E85F34 /* Main.storyboard in Resources */,
			);
			runOnlyForDeploymentPostprocessing = 0;
		};
/* End PBXResourcesBuildPhase section */

/* Begin PBXSourcesBuildPhase section */
		6A0E61282483526500E85F34 /* Sources */ = {
			isa = PBXSourcesBuildPhase;
			buildActionMask = 2147483647;
			files = (
				6A0E614D248355C000E85F34 /* CZMessage.m in Sources */,
				6A0E61342483526500E85F34 /* ViewController.m in Sources */,
				6A0E6152248358E300E85F34 /* CZMessageCell.m in Sources */,
				6A0E613F2483526500E85F34 /* main.m in Sources */,
				6A0E61582483B13600E85F34 /* NSString+CZNSStringExt.m in Sources */,
				6A0E615524835D1800E85F34 /* CZMessgaeFrame.m in Sources */,
				6A0E61312483526500E85F34 /* AppDelegate.m in Sources */,
			);
			runOnlyForDeploymentPostprocessing = 0;
		};
/* End PBXSourcesBuildPhase section */

/* Begin PBXVariantGroup section */
		6A0E61352483526500E85F34 /* Main.storyboard */ = {
			isa = PBXVariantGroup;
			children = (
				6A0E61362483526500E85F34 /* Base */,
			);
			name = Main.storyboard;
			sourceTree = "<group>";
		};
		6A0E613A2483526500E85F34 /* LaunchScreen.storyboard */ = {
			isa = PBXVariantGroup;
			children = (
				6A0E613B2483526500E85F34 /* Base */,
			);
			name = LaunchScreen.storyboard;
			sourceTree = "<group>";
		};
/* End PBXVariantGroup section */

/* Begin XCBuildConfiguration section */
		6A0E61402483526500E85F34 /* Debug */ = {
			isa = XCBuildConfiguration;
			buildSettings = {
				ALWAYS_SEARCH_USER_PATHS = NO;
				CLANG_ANALYZER_NONNULL = YES;
				CLANG_ANALYZER_NUMBER_OBJECT_CONVERSION = YES_AGGRESSIVE;
				CLANG_CXX_LANGUAGE_STANDARD = "gnu++14";
				CLANG_CXX_LIBRARY = "libc++";
				CLANG_ENABLE_MODULES = YES;
				CLANG_ENABLE_OBJC_ARC = YES;
				CLANG_WARN_BLOCK_CAPTURE_AUTORELEASING = YES;
				CLANG_WARN_BOOL_CONVERSION = YES;
				CLANG_WARN_COMMA = YES;
				CLANG_WARN_CONSTANT_CONVERSION = YES;
				CLANG_WARN_DIRECT_OBJC_ISA_USAGE = YES_ERROR;
				CLANG_WARN_DOCUMENTATION_COMMENTS = YES;
				CLANG_WARN_EMPTY_BODY = YES;
				CLANG_WARN_ENUM_CONVERSION = YES;
				CLANG_WARN_INFINITE_RECURSION = YES;
				CLANG_WARN_INT_CONVERSION = YES;
				CLANG_WARN_NON_LITERAL_NULL_CONVERSION = YES;
				CLANG_WARN_OBJC_LITERAL_CONVERSION = YES;
				CLANG_WARN_OBJC_ROOT_CLASS = YES_ERROR;
				CLANG_WARN_RANGE_LOOP_ANALYSIS = YES;
				CLANG_WARN_STRICT_PROTOTYPES = YES;
				CLANG_WARN_SUSPICIOUS_MOVE = YES;
				CLANG_WARN_UNGUARDED_AVAILABILITY = YES_AGGRESSIVE;
				CLANG_WARN_UNREACHABLE_CODE = YES;
				CLANG_WARN__DUPLICATE_METHOD_MATCH = YES;
				CODE_SIGN_IDENTITY = "iPhone Developer";
				COPY_PHASE_STRIP = NO;
				DEBUG_INFORMATION_FORMAT = dwarf;
				ENABLE_STRICT_OBJC_MSGSEND = YES;
				ENABLE_TESTABILITY = YES;
				GCC_C_LANGUAGE_STANDARD = gnu11;
				GCC_DYNAMIC_NO_PIC = NO;
				GCC_NO_COMMON_BLOCKS = YES;
				GCC_OPTIMIZATION_LEVEL = 0;
				GCC_PREPROCESSOR_DEFINITIONS = (
					"DEBUG=1",
					"$(inherited)",
				);
				GCC_WARN_64_TO_32_BIT_CONVERSION = YES;
				GCC_WARN_ABOUT_RETURN_TYPE = YES_ERROR;
				GCC_WARN_UNDECLARED_SELECTOR = YES;
				GCC_WARN_UNINITIALIZED_AUTOS = YES_AGGRESSIVE;
				GCC_WARN_UNUSED_FUNCTION = YES;
				GCC_WARN_UNUSED_VARIABLE = YES;
				IPHONEOS_DEPLOYMENT_TARGET = 11.2;
				MTL_ENABLE_DEBUG_INFO = YES;
				ONLY_ACTIVE_ARCH = YES;
				SDKROOT = iphoneos;
			};
			name = Debug;
		};
		6A0E61412483526500E85F34 /* Release */ = {
			isa = XCBuildConfiguration;
			buildSettings = {
				ALWAYS_SEARCH_USER_PATHS = NO;
				CLANG_ANALYZER_NONNULL = YES;
				CLANG_ANALYZER_NUMBER_OBJECT_CONVERSION = YES_AGGRESSIVE;
				CLANG_CXX_LANGUAGE_STANDARD = "gnu++14";
				CLANG_CXX_LIBRARY = "libc++";
				CLANG_ENABLE_MODULES = YES;
				CLANG_ENABLE_OBJC_ARC = YES;
				CLANG_WARN_BLOCK_CAPTURE_AUTORELEASING = YES;
				CLANG_WARN_BOOL_CONVERSION = YES;
				CLANG_WARN_COMMA = YES;
				CLANG_WARN_CONSTANT_CONVERSION = YES;
				CLANG_WARN_DIRECT_OBJC_ISA_USAGE = YES_ERROR;
				CLANG_WARN_DOCUMENTATION_COMMENTS = YES;
				CLANG_WARN_EMPTY_BODY = YES;
				CLANG_WARN_ENUM_CONVERSION = YES;
				CLANG_WARN_INFINITE_RECURSION = YES;
				CLANG_WARN_INT_CONVERSION = YES;
				CLANG_WARN_NON_LITERAL_NULL_CONVERSION = YES;
				CLANG_WARN_OBJC_LITERAL_CONVERSION = YES;
				CLANG_WARN_OBJC_ROOT_CLASS = YES_ERROR;
				CLANG_WARN_RANGE_LOOP_ANALYSIS = YES;
				CLANG_WARN_STRICT_PROTOTYPES = YES;
				CLANG_WARN_SUSPICIOUS_MOVE = YES;
				CLANG_WARN_UNGUARDED_AVAILABILITY = YES_AGGRESSIVE;
				CLANG_WARN_UNREACHABLE_CODE = YES;
				CLANG_WARN__DUPLICATE_METHOD_MATCH = YES;
				CODE_SIGN_IDENTITY = "iPhone Developer";
				COPY_PHASE_STRIP = NO;
				DEBUG_INFORMATION_FORMAT = "dwarf-with-dsym";
				ENABLE_NS_ASSERTIONS = NO;
				ENABLE_STRICT_OBJC_MSGSEND = YES;
				GCC_C_LANGUAGE_STANDARD = gnu11;
				GCC_NO_COMMON_BLOCKS = YES;
				GCC_WARN_64_TO_32_BIT_CONVERSION = YES;
				GCC_WARN_ABOUT_RETURN_TYPE = YES_ERROR;
				GCC_WARN_UNDECLARED_SELECTOR = YES;
				GCC_WARN_UNINITIALIZED_AUTOS = YES_AGGRESSIVE;
				GCC_WARN_UNUSED_FUNCTION = YES;
				GCC_WARN_UNUSED_VARIABLE = YES;
				IPHONEOS_DEPLOYMENT_TARGET = 11.2;
				MTL_ENABLE_DEBUG_INFO = NO;
				SDKROOT = iphoneos;
				VALIDATE_PRODUCT = YES;
			};
			name = Release;
		};
		6A0E61432483526500E85F34 /* Debug */ = {
			isa = XCBuildConfiguration;
			buildSettings = {
				ASSETCATALOG_COMPILER_APPICON_NAME = AppIcon;
				ASSETCATALOG_COMPILER_LAUNCHIMAGE_NAME = LaunchImage;
				CODE_SIGN_STYLE = Automatic;
				DEVELOPMENT_TEAM = V5P4W45TYA;
				INFOPLIST_FILE = "UITableView-QQ/Info.plist";
				LD_RUNPATH_SEARCH_PATHS = "$(inherited) @executable_path/Frameworks";
				PRODUCT_BUNDLE_IDENTIFIER = "Jack.UITableView-QQ";
				PRODUCT_NAME = "$(TARGET_NAME)";
				TARGETED_DEVICE_FAMILY = "1,2";
			};
			name = Debug;
		};
		6A0E61442483526500E85F34 /* Release */ = {
			isa = XCBuildConfiguration;
			buildSettings = {
				ASSETCATALOG_COMPILER_APPICON_NAME = AppIcon;
				ASSETCATALOG_COMPILER_LAUNCHIMAGE_NAME = LaunchImage;
				CODE_SIGN_STYLE = Automatic;
				DEVELOPMENT_TEAM = V5P4W45TYA;
				INFOPLIST_FILE = "UITableView-QQ/Info.plist";
				LD_RUNPATH_SEARCH_PATHS = "$(inherited) @executable_path/Frameworks";
				PRODUCT_BUNDLE_IDENTIFIER = "Jack.UITableView-QQ";
				PRODUCT_NAME = "$(TARGET_NAME)";
				TARGETED_DEVICE_FAMILY = "1,2";
			};
			name = Release;
		};
/* End XCBuildConfiguration section */

/* Begin XCConfigurationList section */
		6A0E61272483526500E85F34 /* Build configuration list for PBXProject "UITableView-QQ" */ = {
			isa = XCConfigurationList;
			buildConfigurations = (
				6A0E61402483526500E85F34 /* Debug */,
				6A0E61412483526500E85F34 /* Release */,
			);
			defaultConfigurationIsVisible = 0;
			defaultConfigurationName = Release;
		};
		6A0E61422483526500E85F34 /* Build configuration list for PBXNativeTarget "UITableView-QQ" */ = {
			isa = XCConfigurationList;
			buildConfigurations = (
				6A0E61432483526500E85F34 /* Debug */,
				6A0E61442483526500E85F34 /* Release */,
			);
			defaultConfigurationIsVisible = 0;
			defaultConfigurationName = Release;
		};
/* End XCConfigurationList section */
	};
	rootObject = 6A0E61242483526500E85F34 /* Project object */;
}
